// !$*UTF8*$!
{
	archiveVersion = 1;
	classes = {
	};
	objectVersion = 46;
	objects = {

/* Begin PBXBuildFile section */
		1B5CB69A1C95718500AC5795 /* MTDetailsViewController.m in Sources */ = {isa = PBXBuildFile; fileRef = 1B5CB6991C95718500AC5795 /* MTDetailsViewController.m */; };
		1B5CB69D1C9580BE00AC5795 /* MTDatePickerViewController.m in Sources */ = {isa = PBXBuildFile; fileRef = 1B5CB69C1C9580BE00AC5795 /* MTDatePickerViewController.m */; };
		1B5CB6A01C9597C100AC5795 /* MTEducationViewController.m in Sources */ = {isa = PBXBuildFile; fileRef = 1B5CB69F1C9597C100AC5795 /* MTEducationViewController.m */; };
		1B880A581C9500E50011DFD1 /* main.m in Sources */ = {isa = PBXBuildFile; fileRef = 1B880A571C9500E50011DFD1 /* main.m */; };
		1B880A5B1C9500E50011DFD1 /* AppDelegate.m in Sources */ = {isa = PBXBuildFile; fileRef = 1B880A5A1C9500E50011DFD1 /* AppDelegate.m */; };
		1B880A751C9501EC0011DFD1 /* Assets.xcassets in Resources */ = {isa = PBXBuildFile; fileRef = 1B880A6E1C9501EC0011DFD1 /* Assets.xcassets */; };
		1B880A761C9501EC0011DFD1 /* LaunchScreen.storyboard in Resources */ = {isa = PBXBuildFile; fileRef = 1B880A6F1C9501EC0011DFD1 /* LaunchScreen.storyboard */; };
		1B880A771C9501EC0011DFD1 /* Main.storyboard in Resources */ = {isa = PBXBuildFile; fileRef = 1B880A711C9501EC0011DFD1 /* Main.storyboard */; };
		1B880A7E1C9502FB0011DFD1 /* MTSettingsViewController.m in Sources */ = {isa = PBXBuildFile; fileRef = 1B880A7D1C9502FB0011DFD1 /* MTSettingsViewController.m */; };
/* End PBXBuildFile section */

/* Begin PBXFileReference section */
		1B5CB6981C95718500AC5795 /* MTDetailsViewController.h */ = {isa = PBXFileReference; fileEncoding = 4; lastKnownFileType = sourcecode.c.h; path = MTDetailsViewController.h; sourceTree = "<group>"; };
		1B5CB6991C95718500AC5795 /* MTDetailsViewController.m */ = {isa = PBXFileReference; fileEncoding = 4; lastKnownFileType = sourcecode.c.objc; path = MTDetailsViewController.m; sourceTree = "<group>"; };
		1B5CB69B1C9580BE00AC5795 /* MTDatePickerViewController.h */ = {isa = PBXFileReference; fileEncoding = 4; lastKnownFileType = sourcecode.c.h; path = MTDatePickerViewController.h; sourceTree = "<group>"; };
		1B5CB69C1C9580BE00AC5795 /* MTDatePickerViewController.m */ = {isa = PBXFileReference; fileEncoding = 4; lastKnownFileType = sourcecode.c.objc; path = MTDatePickerViewController.m; sourceTree = "<group>"; };
		1B5CB69E1C9597C100AC5795 /* MTEducationViewController.h */ = {isa = PBXFileReference; fileEncoding = 4; lastKnownFileType = sourcecode.c.h; path = MTEducationViewController.h; sourceTree = "<group>"; };
		1B5CB69F1C9597C100AC5795 /* MTEducationViewController.m */ = {isa = PBXFileReference; fileEncoding = 4; lastKnownFileType = sourcecode.c.objc; path = MTEducationViewController.m; sourceTree = "<group>"; };
		1B880A531C9500E50011DFD1 /* MTPopoverTest.app */ = {isa = PBXFileReference; explicitFileType = wrapper.application; includeInIndex = 0; path = MTPopoverTest.app; sourceTree = BUILT_PRODUCTS_DIR; };
		1B880A571C9500E50011DFD1 /* main.m */ = {isa = PBXFileReference; lastKnownFileType = sourcecode.c.objc; path = main.m; sourceTree = "<group>"; };
		1B880A591C9500E50011DFD1 /* AppDelegate.h */ = {isa = PBXFileReference; lastKnownFileType = sourcecode.c.h; path = AppDelegate.h; sourceTree = "<group>"; };
		1B880A5A1C9500E50011DFD1 /* AppDelegate.m */ = {isa = PBXFileReference; lastKnownFileType = sourcecode.c.objc; path = AppDelegate.m; sourceTree = "<group>"; };
		1B880A671C9500E50011DFD1 /* Info.plist */ = {isa = PBXFileReference; lastKnownFileType = text.plist.xml; path = Info.plist; sourceTree = "<group>"; };
		1B880A6E1C9501EC0011DFD1 /* Assets.xcassets */ = {isa = PBXFileReference; lastKnownFileType = folder.assetcatalog; path = Assets.xcassets; sourceTree = "<group>"; };
		1B880A701C9501EC0011DFD1 /* Base */ = {isa = PBXFileReference; lastKnownFileType = file.storyboard; name = Base; path = Base.lproj/LaunchScreen.storyboard; sourceTree = "<group>"; };
		1B880A721C9501EC0011DFD1 /* Base */ = {isa = PBXFileReference; lastKnownFileType = file.storyboard; name = Base; path = Base.lproj/Main.storyboard; sourceTree = "<group>"; };
		1B880A7C1C9502FB0011DFD1 /* MTSettingsViewController.h */ = {isa = PBXFileReference; fileEncoding = 4; lastKnownFileType = sourcecode.c.h; path = MTSettingsViewController.h; sourceTree = "<group>"; };
		1B880A7D1C9502FB0011DFD1 /* MTSettingsViewController.m */ = {isa = PBXFileReference; fileEncoding = 4; lastKnownFileType = sourcecode.c.objc; path = MTSettingsViewController.m; sourceTree = "<group>"; };
/* End PBXFileReference section */

/* Begin PBXFrameworksBuildPhase section */
		1B880A501C9500E50011DFD1 /* Frameworks */ = {
			isa = PBXFrameworksBuildPhase;
			buildActionMask = 2147483647;
			files = (
			);
			runOnlyForDeploymentPostprocessing = 0;
		};
/* End PBXFrameworksBuildPhase section */

/* Begin PBXGroup section */
		1B880A4A1C9500E50011DFD1 = {
			isa = PBXGroup;
			children = (
				1B880A6D1C9501EC0011DFD1 /* Resource */,
				1B880A731C9501EC0011DFD1 /* Source */,
				1B880A551C9500E50011DFD1 /* MTPopoverTest */,
				1B880A541C9500E50011DFD1 /* Products */,
			);
			sourceTree = "<group>";
		};
		1B880A541C9500E50011DFD1 /* Products */ = {
			isa = PBXGroup;
			children = (
				1B880A531C9500E50011DFD1 /* MTPopoverTest.app */,
			);
			name = Products;
			sourceTree = "<group>";
		};
		1B880A551C9500E50011DFD1 /* MTPopoverTest */ = {
			isa = PBXGroup;
			children = (
				1B880A591C9500E50011DFD1 /* AppDelegate.h */,
				1B880A5A1C9500E50011DFD1 /* AppDelegate.m */,
				1B880A671C9500E50011DFD1 /* Info.plist */,
				1B880A561C9500E50011DFD1 /* Supporting Files */,
			);
			path = MTPopoverTest;
			sourceTree = "<group>";
		};
		1B880A561C9500E50011DFD1 /* Supporting Files */ = {
			isa = PBXGroup;
			children = (
				1B880A571C9500E50011DFD1 /* main.m */,
			);
			name = "Supporting Files";
			sourceTree = "<group>";
		};
		1B880A6D1C9501EC0011DFD1 /* Resource */ = {
			isa = PBXGroup;
			children = (
				1B880A6E1C9501EC0011DFD1 /* Assets.xcassets */,
				1B880A6F1C9501EC0011DFD1 /* LaunchScreen.storyboard */,
				1B880A711C9501EC0011DFD1 /* Main.storyboard */,
			);
			path = Resource;
			sourceTree = "<group>";
		};
		1B880A731C9501EC0011DFD1 /* Source */ = {
			isa = PBXGroup;
			children = (
				1B880A741C9501EC0011DFD1 /* UI */,
			);
			path = Source;
			sourceTree = "<group>";
		};
		1B880A741C9501EC0011DFD1 /* UI */ = {
			isa = PBXGroup;
			children = (
				1B880A781C95027A0011DFD1 /* MTDatePickerViewController */,
				1B880A7A1C95027A0011DFD1 /* MTEducationsViewController */,
				1B880A791C95027A0011DFD1 /* MTDetailsViewController */,
				1B880A7B1C95027A0011DFD1 /* MTSettingsViewController */,
			);
			path = UI;
			sourceTree = "<group>";
		};
		1B880A781C95027A0011DFD1 /* MTDatePickerViewController */ = {
			isa = PBXGroup;
			children = (
				1B5CB69B1C9580BE00AC5795 /* MTDatePickerViewController.h */,
				1B5CB69C1C9580BE00AC5795 /* MTDatePickerViewController.m */,
			);
			path = MTDatePickerViewController;
			sourceTree = "<group>";
		};
		1B880A791C95027A0011DFD1 /* MTDetailsViewController */ = {
			isa = PBXGroup;
			children = (
				1B5CB6981C95718500AC5795 /* MTDetailsViewController.h */,
				1B5CB6991C95718500AC5795 /* MTDetailsViewController.m */,
			);
			path = MTDetailsViewController;
			sourceTree = "<group>";
		};
		1B880A7A1C95027A0011DFD1 /* MTEducationsViewController */ = {
			isa = PBXGroup;
			children = (
				1B5CB69E1C9597C100AC5795 /* MTEducationViewController.h */,
				1B5CB69F1C9597C100AC5795 /* MTEducationViewController.m */,
			);
			path = MTEducationsViewController;
			sourceTree = "<group>";
		};
		1B880A7B1C95027A0011DFD1 /* MTSettingsViewController */ = {
			isa = PBXGroup;
			children = (
				1B880A7C1C9502FB0011DFD1 /* MTSettingsViewController.h */,
				1B880A7D1C9502FB0011DFD1 /* MTSettingsViewController.m */,
			);
			path = MTSettingsViewController;
			sourceTree = "<group>";
		};
/* End PBXGroup section */

/* Begin PBXNativeTarget section */
		1B880A521C9500E50011DFD1 /* MTPopoverTest */ = {
			isa = PBXNativeTarget;
			buildConfigurationList = 1B880A6A1C9500E50011DFD1 /* Build configuration list for PBXNativeTarget "MTPopoverTest" */;
			buildPhases = (
				1B880A4F1C9500E50011DFD1 /* Sources */,
				1B880A501C9500E50011DFD1 /* Frameworks */,
				1B880A511C9500E50011DFD1 /* Resources */,
			);
			buildRules = (
			);
			dependencies = (
			);
			name = MTPopoverTest;
			productName = MTPopoverTest;
			productReference = 1B880A531C9500E50011DFD1 /* MTPopoverTest.app */;
			productType = "com.apple.product-type.application";
		};
/* End PBXNativeTarget section */

/* Begin PBXProject section */
		1B880A4B1C9500E50011DFD1 /* Project object */ = {
			isa = PBXProject;
			attributes = {
				CLASSPREFIX = MT;
				LastUpgradeCheck = 0720;
				ORGANIZATIONNAME = "Mark Tezza";
				TargetAttributes = {
					1B880A521C9500E50011DFD1 = {
						CreatedOnToolsVersion = 7.2.1;
						DevelopmentTeam = Z662YN573K;
					};
				};
			};
			buildConfigurationList = 1B880A4E1C9500E50011DFD1 /* Build configuration list for PBXProject "MTPopoverTest" */;
			compatibilityVersion = "Xcode 3.2";
			developmentRegion = English;
			hasScannedForEncodings = 0;
			knownRegions = (
				en,
				Base,
			);
			mainGroup = 1B880A4A1C9500E50011DFD1;
			productRefGroup = 1B880A541C9500E50011DFD1 /* Products */;
			projectDirPath = "";
			projectRoot = "";
			targets = (
				1B880A521C9500E50011DFD1 /* MTPopoverTest */,
			);
		};
/* End PBXProject section */

/* Begin PBXResourcesBuildPhase section */
		1B880A511C9500E50011DFD1 /* Resources */ = {
			isa = PBXResourcesBuildPhase;
			buildActionMask = 2147483647;
			files = (
				1B880A751C9501EC0011DFD1 /* Assets.xcassets in Resources */,
				1B880A771C9501EC0011DFD1 /* Main.storyboard in Resources */,
				1B880A761C9501EC0011DFD1 /* LaunchScreen.storyboard in Resources */,
			);
			runOnlyForDeploymentPostprocessing = 0;
		};
/* End PBXResourcesBuildPhase section */

/* Begin PBXSourcesBuildPhase section */
		1B880A4F1C9500E50011DFD1 /* Sources */ = {
			isa = PBXSourcesBuildPhase;
			buildActionMask = 2147483647;
			files = (
				1B5CB6A01C9597C100AC5795 /* MTEducationViewController.m in Sources */,
				1B5CB69D1C9580BE00AC5795 /* MTDatePickerViewController.m in Sources */,
				1B880A5B1C9500E50011DFD1 /* AppDelegate.m in Sources */,
				1B880A581C9500E50011DFD1 /* main.m in Sources */,
				1B5CB69A1C95718500AC5795 /* MTDetailsViewController.m in Sources */,
				1B880A7E1C9502FB0011DFD1 /* MTSettingsViewController.m in Sources */,
			);
			runOnlyForDeploymentPostprocessing = 0;
		};
/* End PBXSourcesBuildPhase section */

/* Begin PBXVariantGroup section */
		1B880A6F1C9501EC0011DFD1 /* LaunchScreen.storyboard */ = {
			isa = PBXVariantGroup;
			children = (
				1B880A701C9501EC0011DFD1 /* Base */,
			);
			name = LaunchScreen.storyboard;
			sourceTree = "<group>";
		};
		1B880A711C9501EC0011DFD1 /* Main.storyboard */ = {
			isa = PBXVariantGroup;
			children = (
				1B880A721C9501EC0011DFD1 /* Base */,
			);
			name = Main.storyboard;
			sourceTree = "<group>";
		};
/* End PBXVariantGroup section */

/* Begin XCBuildConfiguration section */
		1B880A681C9500E50011DFD1 /* Debug */ = {
			isa = XCBuildConfiguration;
			buildSettings = {
				ALWAYS_SEARCH_USER_PATHS = NO;
				CLANG_CXX_LANGUAGE_STANDARD = "gnu++0x";
				CLANG_CXX_LIBRARY = "libc++";
				CLANG_ENABLE_MODULES = YES;
				CLANG_ENABLE_OBJC_ARC = YES;
				CLANG_WARN_BOOL_CONVERSION = YES;
				CLANG_WARN_CONSTANT_CONVERSION = YES;
				CLANG_WARN_DIRECT_OBJC_ISA_USAGE = YES_ERROR;
				CLANG_WARN_EMPTY_BODY = YES;
				CLANG_WARN_ENUM_CONVERSION = YES;
				CLANG_WARN_INT_CONVERSION = YES;
				CLANG_WARN_OBJC_ROOT_CLASS = YES_ERROR;
				CLANG_WARN_UNREACHABLE_CODE = YES;
				CLANG_WARN__DUPLICATE_METHOD_MATCH = YES;
				"CODE_SIGN_IDENTITY[sdk=iphoneos*]" = "iPhone Developer";
				COPY_PHASE_STRIP = NO;
				DEBUG_INFORMATION_FORMAT = dwarf;
				ENABLE_STRICT_OBJC_MSGSEND = YES;
				ENABLE_TESTABILITY = YES;
				GCC_C_LANGUAGE_STANDARD = gnu99;
				GCC_DYNAMIC_NO_PIC = NO;
				GCC_NO_COMMON_BLOCKS = YES;
				GCC_OPTIMIZATION_LEVEL = 0;
				GCC_PREPROCESSOR_DEFINITIONS = (
					"DEBUG=1",
					"$(inherited)",
				);
				GCC_WARN_64_TO_32_BIT_CONVERSION = YES;
				GCC_WARN_ABOUT_RETURN_TYPE = YES_ERROR;
				GCC_WARN_UNDECLARED_SELECTOR = YES;
				GCC_WARN_UNINITIALIZED_AUTOS = YES_AGGRESSIVE;
				GCC_WARN_UNUSED_FUNCTION = YES;
				GCC_WARN_UNUSED_VARIABLE = YES;
				IPHONEOS_DEPLOYMENT_TARGET = 9.2;
				MTL_ENABLE_DEBUG_INFO = YES;
				ONLY_ACTIVE_ARCH = YES;
				SDKROOT = iphoneos;
				TARGETED_DEVICE_FAMILY = "1,2";
			};
			name = Debug;
		};
		1B880A691C9500E50011DFD1 /* Release */ = {
			isa = XCBuildConfiguration;
			buildSettings = {
				ALWAYS_SEARCH_USER_PATHS = NO;
				CLANG_CXX_LANGUAGE_STANDARD = "gnu++0x";
				CLANG_CXX_LIBRARY = "libc++";
				CLANG_ENABLE_MODULES = YES;
				CLANG_ENABLE_OBJC_ARC = YES;
				CLANG_WARN_BOOL_CONVERSION = YES;
				CLANG_WARN_CONSTANT_CONVERSION = YES;
				CLANG_WARN_DIRECT_OBJC_ISA_USAGE = YES_ERROR;
				CLANG_WARN_EMPTY_BODY = YES;
				CLANG_WARN_ENUM_CONVERSION = YES;
				CLANG_WARN_INT_CONVERSION = YES;
				CLANG_WARN_OBJC_ROOT_CLASS = YES_ERROR;
				CLANG_WARN_UNREACHABLE_CODE = YES;
				CLANG_WARN__DUPLICATE_METHOD_MATCH = YES;
				"CODE_SIGN_IDENTITY[sdk=iphoneos*]" = "iPhone Developer";
				COPY_PHASE_STRIP = NO;
				DEBUG_INFORMATION_FORMAT = "dwarf-with-dsym";
				ENABLE_NS_ASSERTIONS = NO;
				ENABLE_STRICT_OBJC_MSGSEND = YES;
				GCC_C_LANGUAGE_STANDARD = gnu99;
				GCC_NO_COMMON_BLOCKS = YES;
				GCC_WARN_64_TO_32_BIT_CONVERSION = YES;
				GCC_WARN_ABOUT_RETURN_TYPE = YES_ERROR;
				GCC_WARN_UNDECLARED_SELECTOR = YES;
				GCC_WARN_UNINITIALIZED_AUTOS = YES_AGGRESSIVE;
				GCC_WARN_UNUSED_FUNCTION = YES;
				GCC_WARN_UNUSED_VARIABLE = YES;
				IPHONEOS_DEPLOYMENT_TARGET = 9.2;
				MTL_ENABLE_DEBUG_INFO = NO;
				SDKROOT = iphoneos;
				TARGETED_DEVICE_FAMILY = "1,2";
				VALIDATE_PRODUCT = YES;
			};
			name = Release;
		};
		1B880A6B1C9500E50011DFD1 /* Debug */ = {
			isa = XCBuildConfiguration;
			buildSettings = {
				ASSETCATALOG_COMPILER_APPICON_NAME = AppIcon;
				INFOPLIST_FILE = MTPopoverTest/Info.plist;
				LD_RUNPATH_SEARCH_PATHS = "$(inherited) @executable_path/Frameworks";
				PRODUCT_BUNDLE_IDENTIFIER = MT.MTPopoverTest;
				PRODUCT_NAME = "$(TARGET_NAME)";
			};
			name = Debug;
		};
		1B880A6C1C9500E50011DFD1 /* Release */ = {
			isa = XCBuildConfiguration;
			buildSettings = {
				ASSETCATALOG_COMPILER_APPICON_NAME = AppIcon;
				INFOPLIST_FILE = MTPopoverTest/Info.plist;
				LD_RUNPATH_SEARCH_PATHS = "$(inherited) @executable_path/Frameworks";
				PRODUCT_BUNDLE_IDENTIFIER = MT.MTPopoverTest;
				PRODUCT_NAME = "$(TARGET_NAME)";
			};
			name = Release;
		};
/* End XCBuildConfiguration section */

/* Begin XCConfigurationList section */
		1B880A4E1C9500E50011DFD1 /* Build configuration list for PBXProject "MTPopoverTest" */ = {
			isa = XCConfigurationList;
			buildConfigurations = (
				1B880A681C9500E50011DFD1 /* Debug */,
				1B880A691C9500E50011DFD1 /* Release */,
			);
			defaultConfigurationIsVisible = 0;
			defaultConfigurationName = Release;
		};
		1B880A6A1C9500E50011DFD1 /* Build configuration list for PBXNativeTarget "MTPopoverTest" */ = {
			isa = XCConfigurationList;
			buildConfigurations = (
				1B880A6B1C9500E50011DFD1 /* Debug */,
				1B880A6C1C9500E50011DFD1 /* Release */,
			);
			defaultConfigurationIsVisible = 0;
			defaultConfigurationName = Release;
		};
/* End XCConfigurationList section */
	};
	rootObject = 1B880A4B1C9500E50011DFD1 /* Project object */;
}
